astroid==2.3.3
attrs==19.3.0
cffi==1.14.0
Click==7.0
coverage==5.0.3
cryptography==2.8
entrypoints==0.3
fido2==0.9.3
flake8==3.7.9
Flask==1.1.1
importlib-metadata==1.5.0
isort==4.3.21
itsdangerous==1.1.0
Jinja2==2.11.1
lazy-object-proxy==1.4.3
MarkupSafe==1.1.1
mccabe==0.6.1
more-itertools==8.2.0
packaging==20.1
pluggy==0.13.1
py==1.8.1
pycodestyle==2.5.0
pycparser==2.19
pyflakes==2.1.1
pylint==2.4.4
pyparsing==2.4.6
pytest==5.3.5
six==1.14.0
typed-ast==1.4.1
wcwidth==0.1.8
Werkzeug==1.0.0
wrapt==1.11.2
zipp==3.0.0
